
Microsoft Visual Studio Solution File, Format Version 12.00
# Visual Studio Version 17
VisualStudioVersion = 17.0.31903.59
MinimumVisualStudioVersion = 10.0.40219.1
Project("{2150E333-8FDC-42A3-9474-1A3956D46DE8}") = "src", "src", "{948933A4-E51D-47D4-BD6B-DBCFC953D1DB}"
EndProject
Project("{9A19103F-16F7-4668-BE54-9A1E7A4F7556}") = "Api", "src\Api\Api.csproj", "{B8A1FDE5-A943-4D5C-8828-92A4F5F10F64}"
EndProject
Project("{2150E333-8FDC-42A3-9474-1A3956D46DE8}") = "docker", "docker", "{D080B457-C462-477C-89A2-CEF1E843DA0C}"
	ProjectSection(SolutionItems) = preProject
		docker\docker-compose.yml = docker\docker-compose.yml
		docker\grafana-dashboards.yml = docker\grafana-dashboards.yml
		docker\grafana-datasources.yml = docker\grafana-datasources.yml
		docker\otel-collector.yml = docker\otel-collector.yml
		docker\prometheus.yml = docker\prometheus.yml
	EndProjectSection
EndProject
Global
	GlobalSection(SolutionConfigurationPlatforms) = preSolution
		Debug|Any CPU = Debug|Any CPU
		Release|Any CPU = Release|Any CPU
	EndGlobalSection
	GlobalSection(ProjectConfigurationPlatforms) = postSolution
		{B8A1FDE5-A943-4D5C-8828-92A4F5F10F64}.Debug|Any CPU.ActiveCfg = Debug|Any CPU
		{B8A1FDE5-A943-4D5C-8828-92A4F5F10F64}.Debug|Any CPU.Build.0 = Debug|Any CPU
		{B8A1FDE5-A943-4D5C-8828-92A4F5F10F64}.Release|Any CPU.ActiveCfg = Release|Any CPU
		{B8A1FDE5-A943-4D5C-8828-92A4F5F10F64}.Release|Any CPU.Build.0 = Release|Any CPU
	EndGlobalSection
	GlobalSection(SolutionProperties) = preSolution
		HideSolutionNode = FALSE
	EndGlobalSection
	GlobalSection(NestedProjects) = preSolution
		{B8A1FDE5-A943-4D5C-8828-92A4F5F10F64} = {948933A4-E51D-47D4-BD6B-DBCFC953D1DB}
	EndGlobalSection
	GlobalSection(ExtensibilityGlobals) = postSolution
		SolutionGuid = {60F2B35F-40FE-4BA8-8D3D-7FB8744365D8}
	EndGlobalSection
EndGlobal
